
Microsoft Visual Studio Solution File, Format Version 12.00
# Visual Studio Version 17
VisualStudioVersion = 17.12.35521.163
MinimumVisualStudioVersion = 10.0.40219.1
Project("{FAE04EC0-301F-11D3-BF4B-00C04F79EFBC}") = "EventsWebApplication.API", "EventsWebApplication.API\EventsWebApplication.API.csproj", "{8FECFFF4-6200-4C05-A140-F203EB4621ED}"
EndProject
Project("{FAE04EC0-301F-11D3-BF4B-00C04F79EFBC}") = "EventsWebApplication.Domain", "EventsWebApplication.Domain\EventsWebApplication.Domain.csproj", "{AD36EBE7-F06F-4DAF-9850-3B642C8AFA27}"
EndProject
Project("{FAE04EC0-301F-11D3-BF4B-00C04F79EFBC}") = "EventsWebApplication.Infrastructure", "EventsWebApplication.Infrastructure\EventsWebApplication.Infrastructure.csproj", "{7DF4218C-6E8A-451C-8192-BCFF62C1806E}"
EndProject
Project("{FAE04EC0-301F-11D3-BF4B-00C04F79EFBC}") = "EventsWebApplication.Application", "EventsWebApplication.Application\EventsWebApplication.Application.csproj", "{4648C7FD-745F-4412-8C2A-C96018EDDF45}"
EndProject
Project("{FAE04EC0-301F-11D3-BF4B-00C04F79EFBC}") = "EventsWebApplication.Tests", "EventsWebApplication.Tests\EventsWebApplication.Tests.csproj", "{DA58CA6F-8D2D-481E-A426-EB1974F1899D}"
EndProject
Global
	GlobalSection(SolutionConfigurationPlatforms) = preSolution
		Debug|Any CPU = Debug|Any CPU
		Release|Any CPU = Release|Any CPU
	EndGlobalSection
	GlobalSection(ProjectConfigurationPlatforms) = postSolution
		{8FECFFF4-6200-4C05-A140-F203EB4621ED}.Debug|Any CPU.ActiveCfg = Debug|Any CPU
		{8FECFFF4-6200-4C05-A140-F203EB4621ED}.Debug|Any CPU.Build.0 = Debug|Any CPU
		{8FECFFF4-6200-4C05-A140-F203EB4621ED}.Release|Any CPU.ActiveCfg = Release|Any CPU
		{8FECFFF4-6200-4C05-A140-F203EB4621ED}.Release|Any CPU.Build.0 = Release|Any CPU
		{AD36EBE7-F06F-4DAF-9850-3B642C8AFA27}.Debug|Any CPU.ActiveCfg = Debug|Any CPU
		{AD36EBE7-F06F-4DAF-9850-3B642C8AFA27}.Debug|Any CPU.Build.0 = Debug|Any CPU
		{AD36EBE7-F06F-4DAF-9850-3B642C8AFA27}.Release|Any CPU.ActiveCfg = Release|Any CPU
		{AD36EBE7-F06F-4DAF-9850-3B642C8AFA27}.Release|Any CPU.Build.0 = Release|Any CPU
		{7DF4218C-6E8A-451C-8192-BCFF62C1806E}.Debug|Any CPU.ActiveCfg = Debug|Any CPU
		{7DF4218C-6E8A-451C-8192-BCFF62C1806E}.Debug|Any CPU.Build.0 = Debug|Any CPU
		{7DF4218C-6E8A-451C-8192-BCFF62C1806E}.Release|Any CPU.ActiveCfg = Release|Any CPU
		{7DF4218C-6E8A-451C-8192-BCFF62C1806E}.Release|Any CPU.Build.0 = Release|Any CPU
		{4648C7FD-745F-4412-8C2A-C96018EDDF45}.Debug|Any CPU.ActiveCfg = Debug|Any CPU
		{4648C7FD-745F-4412-8C2A-C96018EDDF45}.Debug|Any CPU.Build.0 = Debug|Any CPU
		{4648C7FD-745F-4412-8C2A-C96018EDDF45}.Release|Any CPU.ActiveCfg = Release|Any CPU
		{4648C7FD-745F-4412-8C2A-C96018EDDF45}.Release|Any CPU.Build.0 = Release|Any CPU
		{DA58CA6F-8D2D-481E-A426-EB1974F1899D}.Debug|Any CPU.ActiveCfg = Debug|Any CPU
		{DA58CA6F-8D2D-481E-A426-EB1974F1899D}.Debug|Any CPU.Build.0 = Debug|Any CPU
		{DA58CA6F-8D2D-481E-A426-EB1974F1899D}.Release|Any CPU.ActiveCfg = Release|Any CPU
		{DA58CA6F-8D2D-481E-A426-EB1974F1899D}.Release|Any CPU.Build.0 = Release|Any CPU
	EndGlobalSection
	GlobalSection(SolutionProperties) = preSolution
		HideSolutionNode = FALSE
	EndGlobalSection
EndGlobal
